{
  "version": "5",
  "specifiers": {
    "jsr:@deno/cache-dir@0.8": "0.8.0",
    "jsr:@deno/emit@*": "0.45.0",
    "jsr:@deno/graph@~0.69.7": "0.69.10",
    "jsr:@std/assert@0.223": "0.223.0",
    "jsr:@std/assert@~0.218.2": "0.218.2",
    "jsr:@std/bytes@~0.218.2": "0.218.2",
    "jsr:@std/fmt@~0.218.2": "0.218.2",
    "jsr:@std/fs@~0.218.2": "0.218.2",
    "jsr:@std/io@~0.218.2": "0.218.2",
    "jsr:@std/json@~0.218.2": "0.218.2",
    "jsr:@std/jsonc@*": "0.218.2",
    "jsr:@std/path@0.223": "0.223.0",
    "jsr:@std/path@~0.218.2": "0.218.2"
  },
  "jsr": {
    "@deno/cache-dir@0.8.0": {
      "integrity": "e87e80a404958f6350d903e6238b72afb92468378b0b32111f7a1e4916ac7fe7",
      "dependencies": [
        "jsr:@deno/graph",
        "jsr:@std/fmt",
        "jsr:@std/fs",
        "jsr:@std/io",
        "jsr:@std/path@~0.218.2"
      ]
    },
    "@deno/emit@0.45.0": {
      "integrity": "b59d632e61dbe4be7e9e61235f02ad08ff124c714c31deb080c4de778da1894d",
      "dependencies": [
        "jsr:@deno/cache-dir",
        "jsr:@std/path@0.223"
      ]
    },
    "@deno/graph@0.69.10": {
      "integrity": "38fe22ac5686f6ece5daeec5a4df65c6314d7d32adcc33f77917a13cfaffa26f"
    },
    "@std/assert@0.218.2": {
      "integrity": "7f0a5a1a8cf86607cd6c2c030584096e1ffad27fc9271429a8cb48cfbdee5eaf"
    },
    "@std/assert@0.223.0": {
      "integrity": "eb8d6d879d76e1cc431205bd346ed4d88dc051c6366365b1af47034b0670be24"
    },
    "@std/bytes@0.218.2": {
      "integrity": "91fe54b232dcca73856b79a817247f4a651dbb60d51baafafb6408c137241670"
    },
    "@std/fmt@0.218.2": {
      "integrity": "99526449d2505aa758b6cbef81e7dd471d8b28ec0dcb1491d122b284c548788a"
    },
    "@std/fs@0.218.2": {
      "integrity": "dd9431453f7282e8c577cc22c9e6d036055a9a980b5549f887d6012969fabcca"
    },
    "@std/io@0.218.2": {
      "integrity": "c64fbfa087b7c9d4d386c5672f291f607d88cb7d44fc299c20c713e345f2785f",
      "dependencies": [
        "jsr:@std/assert@~0.218.2",
        "jsr:@std/bytes"
      ]
    },
    "@std/json@0.218.2": {
      "integrity": "2cdb9d0e86fed2c0623053f705c9004343e0b66fdfbc7b78d5941f12ca1a3a2f"
    },
    "@std/jsonc@0.218.2": {
      "integrity": "989ef5044d33efb48579ecd742c8178c32a06dd0749abf86fc852d36322963cc",
      "dependencies": [
        "jsr:@std/assert@~0.218.2",
        "jsr:@std/json"
      ]
    },
    "@std/path@0.218.2": {
      "integrity": "b568fd923d9e53ad76d17c513e7310bda8e755a3e825e6289a0ce536404e2662",
      "dependencies": [
        "jsr:@std/assert@~0.218.2"
      ]
    },
    "@std/path@0.223.0": {
      "integrity": "593963402d7e6597f5a6e620931661053572c982fc014000459edc1f93cc3989",
      "dependencies": [
        "jsr:@std/assert@0.223"
      ]
    }
  },
  "remote": {
    "https://deno.land/std@0.217.0/assert/assert.ts": "bec068b2fccdd434c138a555b19a2c2393b71dfaada02b7d568a01541e67cdc5",
    "https://deno.land/std@0.217.0/assert/assert_exists.ts": "24a7bf965e634f909242cd09fbaf38bde6b791128ece08e33ab08586a7cc55c9",
    "https://deno.land/std@0.217.0/assert/assertion_error.ts": "9f689a101ee586c4ce92f52fa7ddd362e86434ffdf1f848e45987dc7689976b8",
    "https://deno.land/std@0.217.0/async/delay.ts": "8e1d18fe8b28ff95885e2bc54eccec1713f57f756053576d8228e6ca110793ad",
    "https://deno.land/std@0.217.0/bytes/concat.ts": "9cac3b4376afbef98ff03588eb3cf948e0d1eb6c27cfe81a7651ab6dd3adc54a",
    "https://deno.land/std@0.217.0/bytes/copy.ts": "f29c03168853720dfe82eaa57793d0b9e3543ebfe5306684182f0f1e3bfd422a",
    "https://deno.land/std@0.217.0/cli/parse_args.ts": "df284f03f8ef4c581c17ca12db41cc17bcf0fa2ab6a8e09dbb72fa05916d4427",
    "https://deno.land/std@0.217.0/encoding/_util.ts": "beacef316c1255da9bc8e95afb1fa56ed69baef919c88dc06ae6cb7a6103d376",
    "https://deno.land/std@0.217.0/encoding/base64.ts": "96e61a556d933201266fea84ae500453293f2aff130057b579baafda096a96bc",
    "https://deno.land/std@0.217.0/encoding/hex.ts": "4d47d3b25103cf81a2ed38f54b394d39a77b63338e1eaa04b70c614cb45ec2e6",
    "https://deno.land/std@0.217.0/flags/mod.ts": "9f13f3a49c54618277ac49195af934f1c7d235731bcf80fd33b8b234e6839ce9",
    "https://deno.land/std@0.217.0/fmt/bytes.ts": "7b294a4b9cf0297efa55acb55d50610f3e116a0ac772d1df0ae00f0b833ccd4a",
    "https://deno.land/std@0.217.0/fmt/colors.ts": "d239d84620b921ea520125d778947881f62c50e78deef2657073840b8af9559a",
    "https://deno.land/std@0.217.0/fs/_get_file_info_type.ts": "da7bec18a7661dba360a1db475b826b18977582ce6fc9b25f3d4ee0403fe8cbd",
    "https://deno.land/std@0.217.0/fs/ensure_dir.ts": "dffff68de0d10799b5aa9e39dec4e327e12bbd29e762292193684542648c4aeb",
    "https://deno.land/std@0.217.0/fs/exists.ts": "d2757ef764eaf5c6c5af7228e8447db2de42ab084a2dae540097f905723d83f5",
    "https://deno.land/std@0.217.0/http/_negotiation/common.ts": "051a9f6edd1ed69507df89bbc16fc1b13b7654b9b8fd38072ec33ae4c185fc13",
    "https://deno.land/std@0.217.0/http/_negotiation/encoding.ts": "93f3ade8c431b96790725e31c07b3312f1df38a17fe23e4c70fb1726746704d8",
    "https://deno.land/std@0.217.0/http/_negotiation/language.ts": "a3a561d80dd2af388adb6547e9cdd94d60c03dd0279291b8dcd0f6d3140ffdca",
    "https://deno.land/std@0.217.0/http/_negotiation/media_type.ts": "3b191d74153f3d2b15213fd41d152de92612b4ffd01d62cb98453164012a9332",
    "https://deno.land/std@0.217.0/http/cookie.ts": "a377fa60175ba5f61dd4b8a70b34f2bbfbc70782dfd5faf36d314c42e4306006",
    "https://deno.land/std@0.217.0/http/etag.ts": "9c120f11b2e57fdaeda28a6cf6c060a3d203e58f56e5856a717281dd0318eedc",
    "https://deno.land/std@0.217.0/http/file_server.ts": "fe0a77a4de8c3dae3afa206b4317e2dce0b497252fb7319bf7febd6e65fded80",
    "https://deno.land/std@0.217.0/http/mod.ts": "b0e06293a8a2f71b041add53d4674d4997bd2b83a4760bddad1b5e552130bcc8",
    "https://deno.land/std@0.217.0/http/negotiation.ts": "d06ef2958ca712a7dbe4538eed6a46abfa2b87f8e150b7c89d83a6055dabd7cc",
    "https://deno.land/std@0.217.0/http/server.ts": "6dce295abc169d0956ae00432441331b3425afad4d79e8b3475739be2f04d614",
    "https://deno.land/std@0.217.0/http/server_sent_event_stream.ts": "d9c20b46f986d78f60c38dbd91e95c71d73b45f29739a8ef4216dfa5f2e71eb3",
    "https://deno.land/std@0.217.0/http/status.ts": "ed61b4882af2514a81aefd3245e8df4c47b9a8e54929a903577643d2d1ebf514",
    "https://deno.land/std@0.217.0/http/unstable_signed_cookie.ts": "a8d214120f7e9cbc9e30cc398844dae969dfaedbdec8d6d02baeb08b32db43e9",
    "https://deno.land/std@0.217.0/http/user_agent.ts": "05f8849c7e27b898793bfc70204f0c72b6be9bee7accbe98e18a1c413bd4ace3",
    "https://deno.land/std@0.217.0/io/_common.ts": "36705cdb4dfcd338d6131bca1b16e48a4d5bf0d1dada6ce397268e88c17a5835",
    "https://deno.land/std@0.217.0/io/_constants.ts": "3c7ad4695832e6e4a32e35f218c70376b62bc78621ef069a4a0a3d55739f8856",
    "https://deno.land/std@0.217.0/io/buf_reader.ts": "c73aad99491ee6db3d6b001fa4a780e9245c67b9296f5bad9c0fa7384e35d47a",
    "https://deno.land/std@0.217.0/io/buf_writer.ts": "f82f640c8b3a820f600a8da429ad0537037c7d6a78426bbca2396fb1f75d3ef4",
    "https://deno.land/std@0.217.0/io/buffer.ts": "4d1f805f350433e418002accec798bc6c33ce18f614afa65f987c202d7b2234e",
    "https://deno.land/std@0.217.0/io/copy.ts": "63c6a4acf71fb1e89f5e47a7b3b2972f9d2c56dd645560975ead72db7eb23f61",
    "https://deno.land/std@0.217.0/io/copy_n.ts": "bf26adefacbe3d2035bf4c22484452c8bebecb2f3da7cd763a490b6598464760",
    "https://deno.land/std@0.217.0/io/iterate_reader.ts": "1e5e4fea22d8965afb7df4ee9ab9adda0a0fc581adbea31bc2f2d25453f8a6e9",
    "https://deno.land/std@0.217.0/io/limited_reader.ts": "a8d8ac4f0c4edaf9f2c347f215a46eb711d85cd436d5ee3727c6d17014650857",
    "https://deno.land/std@0.217.0/io/mod.ts": "f0a3f9d419394cec27099ba15ab0c8100da1e70928f95ebe646caaf667c6870c",
    "https://deno.land/std@0.217.0/io/multi_reader.ts": "554cd275113a50e7db894a09489d5958162c28596369170f32d43c9a86008c3a",
    "https://deno.land/std@0.217.0/io/read_all.ts": "876c1cb20adea15349c72afc86cecd3573335845ae778967aefb5e55fe5a8a4a",
    "https://deno.land/std@0.217.0/io/read_delim.ts": "b5c1e18ac137b41cff51739c049135a045d36fe7408f856ab284b89167b2b79b",
    "https://deno.land/std@0.217.0/io/read_int.ts": "0f052bc70706307be6bc06597e052135f274b1f187c9c58bd85cbf5b7a81724f",
    "https://deno.land/std@0.217.0/io/read_lines.ts": "0ef02c4a9edb57c8b612ceb31bc01706edaf7b8f13f63f52ad3cd7c9c63b4e5d",
    "https://deno.land/std@0.217.0/io/read_long.ts": "eddeea1cb3cffcff2687d94c72b958190fda6a54cf740af97e5c2583bbb46933",
    "https://deno.land/std@0.217.0/io/read_range.ts": "9a13e35946cfae01e0ea9cf234dcdaf34b520c1091a4aeda8a30e824e5e304ed",
    "https://deno.land/std@0.217.0/io/read_short.ts": "05f9761376befd7ff34ee0d32b9fab67c9085fe495995a651793150eb690dd6b",
    "https://deno.land/std@0.217.0/io/read_string_delim.ts": "a2f71547c5fde4ff242227141e554b14d1cf4017569ff770a4655d6bb5a8b96d",
    "https://deno.land/std@0.217.0/io/reader_from_stream_reader.ts": "a75bbc93f39df8b0e372cc1fbdc416a7cbf2a39fc4c09ddb057f1241100191c5",
    "https://deno.land/std@0.217.0/io/slice_long_to_bytes.ts": "9708b9c1bab66385015f699cbc43effb6c281797b44f91a062c865bce38245d8",
    "https://deno.land/std@0.217.0/io/string_reader.ts": "30b8680c2e5661d08239238b35aa696208fed61bc9e598d42ce4217a6c04a490",
    "https://deno.land/std@0.217.0/io/string_writer.ts": "22d8d4f2fcc12277264d3c301d4136f2101effc9f42af19c4d028daa2d6364e2",
    "https://deno.land/std@0.217.0/io/to_readable_stream.ts": "ed03a44a1ec1cc55a85a857acf6cac472035298f6f3b6207ea209f93b4aefb39",
    "https://deno.land/std@0.217.0/io/to_writable_stream.ts": "ef422e0425963c8a1e0481674e66c3023da50f0acbe5ef51ec9789efc3c1e2ed",
    "https://deno.land/std@0.217.0/io/types.ts": "acecb3074c730b5ff487ba4fe9ce51e67bd982aa07c95e5f5679b7b2f24ad129",
    "https://deno.land/std@0.217.0/io/write_all.ts": "24aac2312bb21096ae3ae0b102b22c26164d3249dff96dbac130958aa736f038",
    "https://deno.land/std@0.217.0/media_types/_db.ts": "8cd6eef74735cd3f8750c3beab94d208957991994baf8efad8e20ec4d875b101",
    "https://deno.land/std@0.217.0/media_types/_util.ts": "97fadcdfc82fdb02da87efb0fcd3171b0004fb810284114e9d0914a7c4a0b7e5",
    "https://deno.land/std@0.217.0/media_types/content_type.ts": "ed3f2e1f243b418ad3f441edc95fd92efbadb0f9bde36219c7564c67f9639513",
    "https://deno.land/std@0.217.0/media_types/format_media_type.ts": "ffef4718afa2489530cb94021bb865a466eb02037609f7e82899c017959d288a",
    "https://deno.land/std@0.217.0/media_types/get_charset.ts": "bce5c0343c14590516cbfa1a3e80891d9a7a53bc9b4a9010061cc4f879e18f6c",
    "https://deno.land/std@0.217.0/media_types/parse_media_type.ts": "487f000a38c230ccbac25420a50f600862e06796d0eee19d19631b9e84ee9654",
    "https://deno.land/std@0.217.0/media_types/type_by_extension.ts": "bf4e3f5d6b58b624d5daa01cbb8b1e86d9939940a77e7c26e796a075b60ec73b",
    "https://deno.land/std@0.217.0/media_types/vendor/mime-db.v1.52.0.ts": "0218d2c7d900e8cd6fa4a866e0c387712af4af9a1bae55d6b2546c73d273a1e6",
    "https://deno.land/std@0.217.0/path/_common/assert_path.ts": "dbdd757a465b690b2cc72fc5fb7698c51507dec6bfafce4ca500c46b76ff7bd8",
    "https://deno.land/std@0.217.0/path/_common/basename.ts": "569744855bc8445f3a56087fd2aed56bdad39da971a8d92b138c9913aecc5fa2",
    "https://deno.land/std@0.217.0/path/_common/common.ts": "6157c7ec1f4db2b4a9a187efd6ce76dcaf1e61cfd49f87e40d4ea102818df031",
    "https://deno.land/std@0.217.0/path/_common/constants.ts": "dc5f8057159f4b48cd304eb3027e42f1148cf4df1fb4240774d3492b5d12ac0c",
    "https://deno.land/std@0.217.0/path/_common/dirname.ts": "684df4aa71a04bbcc346c692c8485594fc8a90b9408dfbc26ff32cf3e0c98cc8",
    "https://deno.land/std@0.217.0/path/_common/format.ts": "92500e91ea5de21c97f5fe91e178bae62af524b72d5fcd246d6d60ae4bcada8b",
    "https://deno.land/std@0.217.0/path/_common/from_file_url.ts": "d672bdeebc11bf80e99bf266f886c70963107bdd31134c4e249eef51133ceccf",
    "https://deno.land/std@0.217.0/path/_common/glob_to_reg_exp.ts": "6cac16d5c2dc23af7d66348a7ce430e5de4e70b0eede074bdbcf4903f4374d8d",
    "https://deno.land/std@0.217.0/path/_common/normalize.ts": "684df4aa71a04bbcc346c692c8485594fc8a90b9408dfbc26ff32cf3e0c98cc8",
    "https://deno.land/std@0.217.0/path/_common/normalize_string.ts": "dfdf657a1b1a7db7999f7c575ee7e6b0551d9c20f19486c6c3f5ff428384c965",
    "https://deno.land/std@0.217.0/path/_common/relative.ts": "faa2753d9b32320ed4ada0733261e3357c186e5705678d9dd08b97527deae607",
    "https://deno.land/std@0.217.0/path/_common/strip_trailing_separators.ts": "7024a93447efcdcfeaa9339a98fa63ef9d53de363f1fbe9858970f1bba02655a",
    "https://deno.land/std@0.217.0/path/_common/to_file_url.ts": "7f76adbc83ece1bba173e6e98a27c647712cab773d3f8cbe0398b74afc817883",
    "https://deno.land/std@0.217.0/path/_interface.ts": "a1419fcf45c0ceb8acdccc94394e3e94f99e18cfd32d509aab514c8841799600",
    "https://deno.land/std@0.217.0/path/_os.ts": "8fb9b90fb6b753bd8c77cfd8a33c2ff6c5f5bc185f50de8ca4ac6a05710b2c15",
    "https://deno.land/std@0.217.0/path/basename.ts": "5d341aadb7ada266e2280561692c165771d071c98746fcb66da928870cd47668",
    "https://deno.land/std@0.217.0/path/common.ts": "03e52e22882402c986fe97ca3b5bb4263c2aa811c515ce84584b23bac4cc2643",
    "https://deno.land/std@0.217.0/path/constants.ts": "0c206169ca104938ede9da48ac952de288f23343304a1c3cb6ec7625e7325f36",
    "https://deno.land/std@0.217.0/path/dirname.ts": "85bd955bf31d62c9aafdd7ff561c4b5fb587d11a9a5a45e2b01aedffa4238a7c",
    "https://deno.land/std@0.217.0/path/extname.ts": "593303db8ae8c865cbd9ceec6e55d4b9ac5410c1e276bfd3131916591b954441",
    "https://deno.land/std@0.217.0/path/format.ts": "98fad25f1af7b96a48efb5b67378fcc8ed77be895df8b9c733b86411632162af",
    "https://deno.land/std@0.217.0/path/from_file_url.ts": "911833ae4fd10a1c84f6271f36151ab785955849117dc48c6e43b929504ee069",
    "https://deno.land/std@0.217.0/path/glob_to_regexp.ts": "5e51f78a0248c75464bf1d49173de3ec2c032880a530578e56b3fed2a57e69d3",
    "https://deno.land/std@0.217.0/path/is_absolute.ts": "4791afc8bfd0c87f0526eaa616b0d16e7b3ab6a65b62942e50eac68de4ef67d7",
    "https://deno.land/std@0.217.0/path/is_glob.ts": "a65f6195d3058c3050ab905705891b412ff942a292bcbaa1a807a74439a14141",
    "https://deno.land/std@0.217.0/path/join.ts": "ae2ec5ca44c7e84a235fd532e4a0116bfb1f2368b394db1c4fb75e3c0f26a33a",
    "https://deno.land/std@0.217.0/path/join_globs.ts": "5b3bf248b93247194f94fa6947b612ab9d3abd571ca8386cf7789038545e54a0",
    "https://deno.land/std@0.217.0/path/mod.ts": "2821a1bb3a4148a0ffe79c92aa41aa9319fef73c6d6f5178f52b2c720d3eb02d",
    "https://deno.land/std@0.217.0/path/normalize.ts": "4155743ccceeed319b350c1e62e931600272fad8ad00c417b91df093867a8352",
    "https://deno.land/std@0.217.0/path/normalize_glob.ts": "cc89a77a7d3b1d01053b9dcd59462b75482b11e9068ae6c754b5cf5d794b374f",
    "https://deno.land/std@0.217.0/path/parse.ts": "65e8e285f1a63b714e19ef24b68f56e76934c3df0b6e65fd440d3991f4f8aefb",
    "https://deno.land/std@0.217.0/path/posix/_util.ts": "1e3937da30f080bfc99fe45d7ed23c47dd8585c5e473b2d771380d3a6937cf9d",
    "https://deno.land/std@0.217.0/path/posix/basename.ts": "39ee27a29f1f35935d3603ccf01d53f3d6e0c5d4d0f84421e65bd1afeff42843",
    "https://deno.land/std@0.217.0/path/posix/common.ts": "26f60ccc8b2cac3e1613000c23ac5a7d392715d479e5be413473a37903a2b5d4",
    "https://deno.land/std@0.217.0/path/posix/constants.ts": "93481efb98cdffa4c719c22a0182b994e5a6aed3047e1962f6c2c75b7592bef1",
    "https://deno.land/std@0.217.0/path/posix/dirname.ts": "6535d2bdd566118963537b9dda8867ba9e2a361015540dc91f5afbb65c0cce8b",
    "https://deno.land/std@0.217.0/path/posix/extname.ts": "8d36ae0082063c5e1191639699e6f77d3acf501600a3d87b74943f0ae5327427",
    "https://deno.land/std@0.217.0/path/posix/format.ts": "185e9ee2091a42dd39e2a3b8e4925370ee8407572cee1ae52838aed96310c5c1",
    "https://deno.land/std@0.217.0/path/posix/from_file_url.ts": "951aee3a2c46fd0ed488899d024c6352b59154c70552e90885ed0c2ab699bc40",
    "https://deno.land/std@0.217.0/path/posix/glob_to_regexp.ts": "54d3ff40f309e3732ab6e5b19d7111d2d415248bcd35b67a99defcbc1972e697",
    "https://deno.land/std@0.217.0/path/posix/is_absolute.ts": "cebe561ad0ae294f0ce0365a1879dcfca8abd872821519b4fcc8d8967f888ede",
    "https://deno.land/std@0.217.0/path/posix/is_glob.ts": "8a8b08c08bf731acf2c1232218f1f45a11131bc01de81e5f803450a5914434b9",
    "https://deno.land/std@0.217.0/path/posix/join.ts": "744fadcbee7047688696455c7cbb368a9625ffde67fc3058a61c98948fcd04de",
    "https://deno.land/std@0.217.0/path/posix/join_globs.ts": "f6e2619c196b82d8fd67ba2cf680e5b44461f38bdfeec26d7b3f55bd92a85988",
    "https://deno.land/std@0.217.0/path/posix/mod.ts": "2301fc1c54a28b349e20656f68a85f75befa0ee9b6cd75bfac3da5aca9c3f604",
    "https://deno.land/std@0.217.0/path/posix/normalize.ts": "baeb49816a8299f90a0237d214cef46f00ba3e95c0d2ceb74205a6a584b58a91",
    "https://deno.land/std@0.217.0/path/posix/normalize_glob.ts": "41b477068deb832df7f51d6e2b3c0bc274d20919e20c5240d785ba535572d3d0",
    "https://deno.land/std@0.217.0/path/posix/parse.ts": "d5bac4eb21262ab168eead7e2196cb862940c84cee572eafedd12a0d34adc8fb",
    "https://deno.land/std@0.217.0/path/posix/relative.ts": "3907d6eda41f0ff723d336125a1ad4349112cd4d48f693859980314d5b9da31c",
    "https://deno.land/std@0.217.0/path/posix/resolve.ts": "08b699cfeee10cb6857ccab38fa4b2ec703b0ea33e8e69964f29d02a2d5257cf",
    "https://deno.land/std@0.217.0/path/posix/to_file_url.ts": "7aa752ba66a35049e0e4a4be5a0a31ac6b645257d2e031142abb1854de250aaf",
    "https://deno.land/std@0.217.0/path/posix/to_namespaced_path.ts": "28b216b3c76f892a4dca9734ff1cc0045d135532bfd9c435ae4858bfa5a2ebf0",
    "https://deno.land/std@0.217.0/path/relative.ts": "ab739d727180ed8727e34ed71d976912461d98e2b76de3d3de834c1066667add",
    "https://deno.land/std@0.217.0/path/resolve.ts": "a6f977bdb4272e79d8d0ed4333e3d71367cc3926acf15ac271f1d059c8494d8d",
    "https://deno.land/std@0.217.0/path/to_file_url.ts": "88f049b769bce411e2d2db5bd9e6fd9a185a5fbd6b9f5ad8f52bef517c4ece1b",
    "https://deno.land/std@0.217.0/path/to_namespaced_path.ts": "b706a4103b104cfadc09600a5f838c2ba94dbcdb642344557122dda444526e40",
    "https://deno.land/std@0.217.0/path/windows/_util.ts": "d5f47363e5293fced22c984550d5e70e98e266cc3f31769e1710511803d04808",
    "https://deno.land/std@0.217.0/path/windows/basename.ts": "e2dbf31d1d6385bfab1ce38c333aa290b6d7ae9e0ecb8234a654e583cf22f8fe",
    "https://deno.land/std@0.217.0/path/windows/common.ts": "26f60ccc8b2cac3e1613000c23ac5a7d392715d479e5be413473a37903a2b5d4",
    "https://deno.land/std@0.217.0/path/windows/constants.ts": "5afaac0a1f67b68b0a380a4ef391bf59feb55856aa8c60dfc01bd3b6abb813f5",
    "https://deno.land/std@0.217.0/path/windows/dirname.ts": "33e421be5a5558a1346a48e74c330b8e560be7424ed7684ea03c12c21b627bc9",
    "https://deno.land/std@0.217.0/path/windows/extname.ts": "165a61b00d781257fda1e9606a48c78b06815385e7d703232548dbfc95346bef",
    "https://deno.land/std@0.217.0/path/windows/format.ts": "bbb5ecf379305b472b1082cd2fdc010e44a0020030414974d6029be9ad52aeb6",
    "https://deno.land/std@0.217.0/path/windows/from_file_url.ts": "ced2d587b6dff18f963f269d745c4a599cf82b0c4007356bd957cb4cb52efc01",
    "https://deno.land/std@0.217.0/path/windows/glob_to_regexp.ts": "6dcd1242bd8907aa9660cbdd7c93446e6927b201112b0cba37ca5d80f81be51b",
    "https://deno.land/std@0.217.0/path/windows/is_absolute.ts": "4a8f6853f8598cf91a835f41abed42112cebab09478b072e4beb00ec81f8ca8a",
    "https://deno.land/std@0.217.0/path/windows/is_glob.ts": "8a8b08c08bf731acf2c1232218f1f45a11131bc01de81e5f803450a5914434b9",
    "https://deno.land/std@0.217.0/path/windows/join.ts": "8d03530ab89195185103b7da9dfc6327af13eabdcd44c7c63e42e27808f50ecf",
    "https://deno.land/std@0.217.0/path/windows/join_globs.ts": "f6e2619c196b82d8fd67ba2cf680e5b44461f38bdfeec26d7b3f55bd92a85988",
    "https://deno.land/std@0.217.0/path/windows/mod.ts": "2301fc1c54a28b349e20656f68a85f75befa0ee9b6cd75bfac3da5aca9c3f604",
    "https://deno.land/std@0.217.0/path/windows/normalize.ts": "78126170ab917f0ca355a9af9e65ad6bfa5be14d574c5fb09bb1920f52577780",
    "https://deno.land/std@0.217.0/path/windows/normalize_glob.ts": "c57c186b0785ba5320a85e573c264f42c46eb1d0a4a78611f4791a7083baaa17",
    "https://deno.land/std@0.217.0/path/windows/parse.ts": "b9239edd892a06a06625c1b58425e199f018ce5649ace024d144495c984da734",
    "https://deno.land/std@0.217.0/path/windows/relative.ts": "3e1abc7977ee6cc0db2730d1f9cb38be87b0ce4806759d271a70e4997fc638d7",
    "https://deno.land/std@0.217.0/path/windows/resolve.ts": "8dae1dadfed9d46ff46cc337c9525c0c7d959fb400a6308f34595c45bdca1972",
    "https://deno.land/std@0.217.0/path/windows/to_file_url.ts": "40e560ee4854fe5a3d4d12976cef2f4e8914125c81b11f1108e127934ced502e",
    "https://deno.land/std@0.217.0/path/windows/to_namespaced_path.ts": "4ffa4fb6fae321448d5fe810b3ca741d84df4d7897e61ee29be961a6aac89a4c",
    "https://deno.land/std@0.217.0/streams/byte_slice_stream.ts": "5bbdcadb118390affa9b3d0a0f73ef8e83754f59bb89df349add669dd9369713",
    "https://deno.land/std@0.217.0/version.ts": "95870a9bb8f5a4513ab53f67bebb2a25e590b81ed8346fabe25b004c9c61dac0",
    "https://deno.land/std@0.61.0/_util/assert.ts": "e1f76e77c5ccb5a8e0dbbbe6cce3a56d2556c8cb5a9a8802fc9565af72462149",
    "https://deno.land/std@0.61.0/path/_constants.ts": "e11f32a36644e04dce243f3c1f30c02cc5d149827f48a755628176f0707cfc70",
    "https://deno.land/std@0.61.0/path/_globrex.ts": "696996deed47bd98fcab9de0034233380ead443a5cd702631151c6a71e3d21a2",
    "https://deno.land/std@0.61.0/path/_interface.ts": "5876f91d35fd42624893a4aaddaee352144e1f46e719f1dde6511bab7c3c1029",
    "https://deno.land/std@0.61.0/path/_util.ts": "76f73f9b4a994e2859e9d4544cfc34f0ff21b48893c65023025e572c21a43542",
    "https://deno.land/std@0.61.0/path/common.ts": "e4ec66a7416d56f60331b66e27a8a4f08c7b1cf48e350271cb69754a01cf5c04",
    "https://deno.land/std@0.61.0/path/glob.ts": "ff5c4d04d643083dc5c8a46da83b8c836934155c2a7ad72675c43092b2a435ea",
    "https://deno.land/std@0.61.0/path/mod.ts": "6de8885c2534757097818e302becd1cefcbc4c28ac022cc279e612ee04e8cfd1",
    "https://deno.land/std@0.61.0/path/posix.ts": "2ed477953d037fd42d077822e6db0adaa8dcc4ce1cfbb673b0a49ce1c1c301ff",
    "https://deno.land/std@0.61.0/path/separator.ts": "9dd15d46ff84a16e13554f56af7fee1f85f8d0f379efbbe60ac066a60561f036",
    "https://deno.land/std@0.61.0/path/win32.ts": "e4f0b577346f0936d92b6473369248773db217ce385295024a6875e559376e43",
    "https://deno.land/std@0.98.0/_util/assert.ts": "2f868145a042a11d5ad0a3c748dcf580add8a0dbc0e876eaa0026303a5488f58",
    "https://deno.land/std@0.98.0/_util/os.ts": "e282950a0eaa96760c0cf11e7463e66babd15ec9157d4c9ed49cc0925686f6a7",
    "https://deno.land/std@0.98.0/bytes/mod.ts": "1ae1ccfe98c4b979f12b015982c7444f81fcb921bea7aa215bf37d84f46e1e13",
    "https://deno.land/std@0.98.0/encoding/_yaml/dumper/dumper.ts": "4b5cc98d0136125b996446ef00d0aab5f4e27124a7e9ea570f0f96a241710103",
    "https://deno.land/std@0.98.0/encoding/_yaml/dumper/dumper_state.ts": "c891f455f5724ec0ead1b970245e757da56e834bafee56ca5caba94d4ee4ecab",
    "https://deno.land/std@0.98.0/encoding/_yaml/error.ts": "37127caf2a57a58ed1f4761d1786f341b8169b81cddd8143ee707c5ae8381ed1",
    "https://deno.land/std@0.98.0/encoding/_yaml/loader/loader.ts": "990820c0b173cce9e2d525ba1fbec4ef11e41ffc8a9df10e7872eb97c211a427",
    "https://deno.land/std@0.98.0/encoding/_yaml/loader/loader_state.ts": "b419c93cd239241a0b0cd15d6f7e641e8e8259f92786e98180c62a37c1f4f2c8",
    "https://deno.land/std@0.98.0/encoding/_yaml/mark.ts": "bea6f1b15a2398541a7b98224cedfdad0b5070a6091d2a64f6f1a7f9552f45d9",
    "https://deno.land/std@0.98.0/encoding/_yaml/parse.ts": "760d72477e4a9427a44a05cbfdfd36c49e016e03d4d5d5e85291222472d67c26",
    "https://deno.land/std@0.98.0/encoding/_yaml/schema.ts": "b7e0945e80a4f5ed55b875afa9e290e070880e555ad994e0e336905d08ec5370",
    "https://deno.land/std@0.98.0/encoding/_yaml/schema/core.ts": "60bc5880ae4bf8a856b7376b4f573688d018207c7095c4e3b7f6f78fb566fb96",
    "https://deno.land/std@0.98.0/encoding/_yaml/schema/default.ts": "aa3191b304e78237511b30eccc0c02fe1e6138de08d63ce79243dff57eefaa3a",
    "https://deno.land/std@0.98.0/encoding/_yaml/schema/extended.ts": "838bb2f31fcf5364b8c5d58f8d0e421aaa7b5dcc6ead0e7ed45a70026ea18683",
    "https://deno.land/std@0.98.0/encoding/_yaml/schema/failsafe.ts": "99b32bbdf1f1d1a9f89412a3047b240df3910348bada9b6addb3d32e45707421",
    "https://deno.land/std@0.98.0/encoding/_yaml/schema/json.ts": "46cb110cf78c5eb1ea1cb3a022d9785c16346758c5fd796445625e3eba5e397c",
    "https://deno.land/std@0.98.0/encoding/_yaml/schema/mod.ts": "887883e91e15d85687a810dbd2337c91f6bc24cc89fa8d487e5fbb0851fc9d32",
    "https://deno.land/std@0.98.0/encoding/_yaml/state.ts": "b4c16a80245ccbf46e5d7e537686216fb178e6e17465edaad52dcc46ca061bc0",
    "https://deno.land/std@0.98.0/encoding/_yaml/stringify.ts": "7ffd3226730f8d29efab367e99ac772a254c59277bb6214fc9eb669a99be6b2b",
    "https://deno.land/std@0.98.0/encoding/_yaml/type.ts": "c8035db697dcbad50d3d714aab71f932f024067ce443475882ee14e721237f33",
    "https://deno.land/std@0.98.0/encoding/_yaml/type/binary.ts": "770b3b1f32ef6e5d39766c449137270aa6da6b75dbe7b1c5fafcaa0c3035df77",
    "https://deno.land/std@0.98.0/encoding/_yaml/type/bool.ts": "9d98f676db1004a096f484d3cffc3d6647edc1b1dcb36a6763d4058aa7c8d7ff",
    "https://deno.land/std@0.98.0/encoding/_yaml/type/float.ts": "8523e91d7e0e776cd28a7505883b707342d02f167cf2f70cbad907086f8070d1",
    "https://deno.land/std@0.98.0/encoding/_yaml/type/function.ts": "2d4a308bbcd29236047473f751cd628d6383d4cdd5d20078a03278ad3b1b7f3a",
    "https://deno.land/std@0.98.0/encoding/_yaml/type/int.ts": "ddd0b4dceaf4004f0d186832430fe622f14c576e8fc1847d8700c9962bd0b224",
    "https://deno.land/std@0.98.0/encoding/_yaml/type/map.ts": "1a6adda80abb559d194c2a6c921d77d1663efc528c3436eac30b6c865999cbf2",
    "https://deno.land/std@0.98.0/encoding/_yaml/type/merge.ts": "d72e0676455ab82a08ed67bbaec26911730d355600477b339918cc714a9404d2",
    "https://deno.land/std@0.98.0/encoding/_yaml/type/mod.ts": "9e93a15efbe9b2d98ec55d782913d8d263d4bfb2c8df89a59b39ac7a46e421de",
    "https://deno.land/std@0.98.0/encoding/_yaml/type/nil.ts": "93a6a43ed4cd82aeedf8866a436d050476ed8bf0c92bf77c5b762f146e634578",
    "https://deno.land/std@0.98.0/encoding/_yaml/type/omap.ts": "f9059576c95bce96906d9507245d0cb9539b96ec9653981879c4d2d217567e2e",
    "https://deno.land/std@0.98.0/encoding/_yaml/type/pairs.ts": "a50dcd677afaaed51a0629c5bde12b1632a7532e03611ef674e034b4140e0940",
    "https://deno.land/std@0.98.0/encoding/_yaml/type/regexp.ts": "e571f0888d7cceaa8056293be0914789bdd0eedd4372f4b532da395c6e5db4fa",
    "https://deno.land/std@0.98.0/encoding/_yaml/type/seq.ts": "50f1dbf35c2858c6e91b88964bc94836bea50da90a88b4df7814a1319bce921d",
    "https://deno.land/std@0.98.0/encoding/_yaml/type/set.ts": "2c9f20b540bd0f3af6264d79c2edf7ffbfc35a4c158fa479361dc579383e5fdf",
    "https://deno.land/std@0.98.0/encoding/_yaml/type/str.ts": "c24c0d7eaba943f2a30f827120be280ccf3fe903ebd31d5beb229965afd582b7",
    "https://deno.land/std@0.98.0/encoding/_yaml/type/timestamp.ts": "4e7221a8e2eafc818bd5b41ccf0636656044a9ca4892fa5763f45cb1733701fa",
    "https://deno.land/std@0.98.0/encoding/_yaml/type/undefined.ts": "bc774444b3a8d9b36cf8c032492584a629597b54cf34b791ed0280de9332296e",
    "https://deno.land/std@0.98.0/encoding/_yaml/utils.ts": "2c01dc0321ca969b208e244fa278f29ba7a5fdda2fba73b0f48dea99a4deb91b",
    "https://deno.land/std@0.98.0/encoding/yaml.ts": "4989e7fe0be3813f79214a2c0039b71398e8bb61d5667f0d60236e240754ebd3",
    "https://deno.land/std@0.98.0/fs/exists.ts": "b0d2e31654819cc2a8d37df45d6b14686c0cc1d802e9ff09e902a63e98b85a00",
    "https://deno.land/std@0.98.0/io/buffer.ts": "3ead6bb11276ebcf093c403f74f67fd2205a515dbbb9061862c468ca56f37cd8",
    "https://deno.land/std@0.98.0/path/_constants.ts": "1247fee4a79b70c89f23499691ef169b41b6ccf01887a0abd131009c5581b853",
    "https://deno.land/std@0.98.0/path/_interface.ts": "1fa73b02aaa24867e481a48492b44f2598cd9dfa513c7b34001437007d3642e4",
    "https://deno.land/std@0.98.0/path/_util.ts": "2e06a3b9e79beaf62687196bd4b60a4c391d862cfa007a20fc3a39f778ba073b",
    "https://deno.land/std@0.98.0/path/common.ts": "eaf03d08b569e8a87e674e4e265e099f237472b6fd135b3cbeae5827035ea14a",
    "https://deno.land/std@0.98.0/path/glob.ts": "314ad9ff263b895795208cdd4d5e35a44618ca3c6dd155e226fb15d065008652",
    "https://deno.land/std@0.98.0/path/mod.ts": "4465dc494f271b02569edbb4a18d727063b5dbd6ed84283ff906260970a15d12",
    "https://deno.land/std@0.98.0/path/posix.ts": "f56c3c99feb47f30a40ce9d252ef6f00296fa7c0fcb6dd81211bdb3b8b99ca3b",
    "https://deno.land/std@0.98.0/path/separator.ts": "8fdcf289b1b76fd726a508f57d3370ca029ae6976fcde5044007f062e643ff1c",
    "https://deno.land/std@0.98.0/path/win32.ts": "77f7b3604e0de40f3a7c698e8a79e7f601dc187035a1c21cb1e596666ce112f8",
    "https://deno.land/x/arch@v1.0.0/mod.ts": "2e57535c24409db87e4d461227088eb4189c320411c05f4a4a96d00c966e2158",
    "https://deno.land/x/dos@v0.11.0/mod.ts": "61ae4e1d1fb0ea7562093b6f798e0ab8e3c02052bd2e826c6cde58aacc3ecd74",
    "https://deno.land/x/dos@v0.11.0/os/systemInfo.ts": "7107ee7aecdf86552608c0035150d2760f88bbdf4ca22ea6fc70268d83b1a97e",
    "https://deno.land/x/dos@v0.11.0/os/systemPaths.ts": "a79b6b069a8e114f4149ed51d976d27df7918183ebf4d26fb632417255f24669",
    "https://deno.land/x/jsonc@1/impl/edit.ts": "20b85191c8936f44a98af16bc09923d9836aa9398543dcad3ce0a599ec1234e8",
    "https://deno.land/x/jsonc@1/impl/format.ts": "e5cefe9bb086d5041eedc7bc96b5a71d1cf01758c19db13552a3d18f89139f81",
    "https://deno.land/x/jsonc@1/impl/parser.ts": "38688f235ca92b1a938bf5bce700f37aace9db7f3164685b63a70ed937b83167",
    "https://deno.land/x/jsonc@1/impl/scanner.ts": "d384afb32c008a5f2c61e2e9907e13e372e0efde96c175b258ebb9bf3fa2bb11",
    "https://deno.land/x/jsonc@1/main.ts": "be5846583227bd97850eeb5cf730f268aeced822824a0b538788aa92e64309cd",
    "https://deno.land/x/semver@v1.4.0/mod.ts": "c3e08f7f0a3e625015ecc9a46cf79a9dc3f081f3c5b3037d3c49c0773e58d265"
  },
  "workspace": {
    "packageJson": {
      "dependencies": [
        "npm:@jsejcksn/eslint-config@^3.2.0",
        "npm:@typescript-eslint/eslint-plugin@^4.27.0",
        "npm:@typescript-eslint/parser@^4.27.0",
        "npm:eslint@^7.28.0",
        "npm:typescript@^4.3.2"
      ]
    }
  }
}
